
Microsoft Visual Studio Solution File, Format Version 12.00
# Visual Studio 14
VisualStudioVersion = 14.0.24720.0
MinimumVisualStudioVersion = 10.0.40219.1
Project("{2150E333-8FDC-42A3-9474-1A3956D46DE8}") = "Source", "Source", "{FCE84C24-356C-42D0-9F85-45AB1BE22D63}"
	ProjectSection(SolutionItems) = preProject
		UserInfos.json = UserInfos.json
	EndProjectSection
EndProject
Project("{2150E333-8FDC-42A3-9474-1A3956D46DE8}") = "test", "test", "{162DA1FC-8F4E-43CB-81B0-853720845ABA}"
EndProject
Project("{FAE04EC0-301F-11D3-BF4B-00C04F79EFBC}") = "tester", "tester\tester.csproj", "{766CE1EB-3736-4664-847B-1D3DD3C76E66}"
EndProject
Project("{FAE04EC0-301F-11D3-BF4B-00C04F79EFBC}") = "ChatServer", "ChatServer\ChatServer.csproj", "{0962A05B-199E-4482-9243-97B89AF9E808}"
EndProject
Project("{2150E333-8FDC-42A3-9474-1A3956D46DE8}") = "Apps", "Apps", "{8887173D-2B73-40AE-98EA-EBE0232666F9}"
EndProject
Project("{FAE04EC0-301F-11D3-BF4B-00C04F79EFBC}") = "ChatCommonLib", "ChatCommonLib\ChatCommonLib.csproj", "{1BBF4E7A-307F-4292-B2BE-1D58A668F3BD}"
EndProject
Global
	GlobalSection(SolutionConfigurationPlatforms) = preSolution
		Debug|Any CPU = Debug|Any CPU
		Release|Any CPU = Release|Any CPU
	EndGlobalSection
	GlobalSection(ProjectConfigurationPlatforms) = postSolution
		{766CE1EB-3736-4664-847B-1D3DD3C76E66}.Debug|Any CPU.ActiveCfg = Debug|Any CPU
		{766CE1EB-3736-4664-847B-1D3DD3C76E66}.Debug|Any CPU.Build.0 = Debug|Any CPU
		{766CE1EB-3736-4664-847B-1D3DD3C76E66}.Release|Any CPU.ActiveCfg = Release|Any CPU
		{766CE1EB-3736-4664-847B-1D3DD3C76E66}.Release|Any CPU.Build.0 = Release|Any CPU
		{0962A05B-199E-4482-9243-97B89AF9E808}.Debug|Any CPU.ActiveCfg = Debug|Any CPU
		{0962A05B-199E-4482-9243-97B89AF9E808}.Debug|Any CPU.Build.0 = Debug|Any CPU
		{0962A05B-199E-4482-9243-97B89AF9E808}.Release|Any CPU.ActiveCfg = Release|Any CPU
		{0962A05B-199E-4482-9243-97B89AF9E808}.Release|Any CPU.Build.0 = Release|Any CPU
		{1BBF4E7A-307F-4292-B2BE-1D58A668F3BD}.Debug|Any CPU.ActiveCfg = Debug|Any CPU
		{1BBF4E7A-307F-4292-B2BE-1D58A668F3BD}.Debug|Any CPU.Build.0 = Debug|Any CPU
		{1BBF4E7A-307F-4292-B2BE-1D58A668F3BD}.Release|Any CPU.ActiveCfg = Release|Any CPU
		{1BBF4E7A-307F-4292-B2BE-1D58A668F3BD}.Release|Any CPU.Build.0 = Release|Any CPU
	EndGlobalSection
	GlobalSection(SolutionProperties) = preSolution
		HideSolutionNode = FALSE
	EndGlobalSection
	GlobalSection(NestedProjects) = preSolution
		{766CE1EB-3736-4664-847B-1D3DD3C76E66} = {162DA1FC-8F4E-43CB-81B0-853720845ABA}
		{0962A05B-199E-4482-9243-97B89AF9E808} = {8887173D-2B73-40AE-98EA-EBE0232666F9}
	EndGlobalSection
EndGlobal
